{
  "requires": true,
  "lockfileVersion": 1,
  "dependencies": {
    "ngx-embed-video": {
      "version": "1.0.4",
      "resolved": "https://registry.npmjs.org/ngx-embed-video/-/ngx-embed-video-1.0.4.tgz",
      "integrity": "sha512-Zsi7EMuKTUAxWCPgFQqo7hQhj8qkYsNsQ4RNQ8MSbx/a6YIc8w4D3agKnKbdB0gE/ZR/D1IKxk9DqOYTNN7bxA=="
    }
  }
}
